
Microsoft Visual Studio Solution File, Format Version 12.00
# Visual Studio Version 17
VisualStudioVersion = 17.7.34221.43
MinimumVisualStudioVersion = 10.0.40219.1
Project("{FAE04EC0-301F-11D3-BF4B-00C04F79EFBC}") = "23. Inheritance", "23. Inheritance.csproj", "{68E8E8EC-698F-4BCC-959D-7F6AC2F02A25}"
EndProject
Global
	GlobalSection(SolutionConfigurationPlatforms) = preSolution
		Debug|Any CPU = Debug|Any CPU
		Release|Any CPU = Release|Any CPU
	EndGlobalSection
	GlobalSection(ProjectConfigurationPlatforms) = postSolution
		{68E8E8EC-698F-4BCC-959D-7F6AC2F02A25}.Debug|Any CPU.ActiveCfg = Debug|Any CPU
		{68E8E8EC-698F-4BCC-959D-7F6AC2F02A25}.Debug|Any CPU.Build.0 = Debug|Any CPU
		{68E8E8EC-698F-4BCC-959D-7F6AC2F02A25}.Release|Any CPU.ActiveCfg = Release|Any CPU
		{68E8E8EC-698F-4BCC-959D-7F6AC2F02A25}.Release|Any CPU.Build.0 = Release|Any CPU
	EndGlobalSection
	GlobalSection(SolutionProperties) = preSolution
		HideSolutionNode = FALSE
	EndGlobalSection
	GlobalSection(ExtensibilityGlobals) = postSolution
		SolutionGuid = {876C9286-17EF-4E41-AAF3-BB4D5A5C5A20}
	EndGlobalSection
EndGlobal
